
Microsoft Visual Studio Solution File, Format Version 11.00
# Visual Studio 2010
Project("{8BC9CEB8-8B4A-11D0-8D11-00A0C91BC942}") = "BubbleShooter.win32", "BubbleShooter\proj.win32\BubbleShooter.win32.vcxproj", "{EEF7BB4C-54CF-4A91-BA49-7202446574D0}"
EndProject
Global
	GlobalSection(SolutionConfigurationPlatforms) = preSolution
		Debug|Win32 = Debug|Win32
		Release|Win32 = Release|Win32
	EndGlobalSection
	GlobalSection(ProjectConfigurationPlatforms) = postSolution
		{EEF7BB4C-54CF-4A91-BA49-7202446574D0}.Debug|Win32.ActiveCfg = Debug|Win32
		{EEF7BB4C-54CF-4A91-BA49-7202446574D0}.Debug|Win32.Build.0 = Debug|Win32
		{EEF7BB4C-54CF-4A91-BA49-7202446574D0}.Release|Win32.ActiveCfg = Release|Win32
		{EEF7BB4C-54CF-4A91-BA49-7202446574D0}.Release|Win32.Build.0 = Release|Win32
	EndGlobalSection
	GlobalSection(SolutionProperties) = preSolution
		HideSolutionNode = FALSE
	EndGlobalSection
EndGlobal
